
Microsoft Visual Studio Solution File, Format Version 12.00
# Visual Studio Version 17
VisualStudioVersion = 17.7.34031.279
MinimumVisualStudioVersion = 10.0.40219.1
Project("{FAE04EC0-301F-11D3-BF4B-00C04F79EFBC}") = "Tema5-Comida", "Tema5-Comida.csproj", "{1B4B2D3A-1D6B-4FB5-8ECA-AB84FE1ECFE8}"
EndProject
Global
	GlobalSection(SolutionConfigurationPlatforms) = preSolution
		Debug|Any CPU = Debug|Any CPU
		Release|Any CPU = Release|Any CPU
	EndGlobalSection
	GlobalSection(ProjectConfigurationPlatforms) = postSolution
		{1B4B2D3A-1D6B-4FB5-8ECA-AB84FE1ECFE8}.Debug|Any CPU.ActiveCfg = Debug|Any CPU
		{1B4B2D3A-1D6B-4FB5-8ECA-AB84FE1ECFE8}.Debug|Any CPU.Build.0 = Debug|Any CPU
		{1B4B2D3A-1D6B-4FB5-8ECA-AB84FE1ECFE8}.Release|Any CPU.ActiveCfg = Release|Any CPU
		{1B4B2D3A-1D6B-4FB5-8ECA-AB84FE1ECFE8}.Release|Any CPU.Build.0 = Release|Any CPU
	EndGlobalSection
	GlobalSection(SolutionProperties) = preSolution
		HideSolutionNode = FALSE
	EndGlobalSection
	GlobalSection(ExtensibilityGlobals) = postSolution
		SolutionGuid = {C5A76A2C-0923-451C-BF26-1A4A6F927E97}
	EndGlobalSection
EndGlobal
